// !$*UTF8*$!
{
	archiveVersion = 1;
	classes = {
	};
	objectVersion = 55;
	objects = {

/* Begin PBXBuildFile section */
		873C6F5326FC96B400AE049D /* FirstTabContentView.swift in Sources */ = {isa = PBXBuildFile; fileRef = 873C6F5226FC96B400AE049D /* FirstTabContentView.swift */; };
		873C6F5626FC97B700AE049D /* Item.swift in Sources */ = {isa = PBXBuildFile; fileRef = 873C6F5526FC97B700AE049D /* Item.swift */; };
		873C6F5826FC989D00AE049D /* HeaderView.swift in Sources */ = {isa = PBXBuildFile; fileRef = 873C6F5726FC989D00AE049D /* HeaderView.swift */; };
		873C6F5A26FC98A800AE049D /* BodyView.swift in Sources */ = {isa = PBXBuildFile; fileRef = 873C6F5926FC98A800AE049D /* BodyView.swift */; };
		873C6F5D26FC996500AE049D /* SecondTabViewContent.swift in Sources */ = {isa = PBXBuildFile; fileRef = 873C6F5C26FC996500AE049D /* SecondTabViewContent.swift */; };
		873C6F6026FCC4FB00AE049D /* FeatureToggleConfigEnv.swift in Sources */ = {isa = PBXBuildFile; fileRef = 873C6F5F26FCC4FB00AE049D /* FeatureToggleConfigEnv.swift */; };
		873C6F6326FDC96200AE049D /* ThirdTabContentViewContent.swift in Sources */ = {isa = PBXBuildFile; fileRef = 873C6F6226FDC96200AE049D /* ThirdTabContentViewContent.swift */; };
		873C6F6626FDF9FC00AE049D /* FourthTabContentViewController.swift in Sources */ = {isa = PBXBuildFile; fileRef = 873C6F6526FDF9FC00AE049D /* FourthTabContentViewController.swift */; };
		873C6F6826FDFA3400AE049D /* Storyboard.storyboard in Resources */ = {isa = PBXBuildFile; fileRef = 873C6F6726FDFA3400AE049D /* Storyboard.storyboard */; };
		873C6F6A26FE013900AE049D /* ItemTableViewCell.xib in Resources */ = {isa = PBXBuildFile; fileRef = 873C6F6926FE013900AE049D /* ItemTableViewCell.xib */; };
		873C6F6F26FE195B00AE049D /* Theme.swift in Sources */ = {isa = PBXBuildFile; fileRef = 873C6F6E26FE195B00AE049D /* Theme.swift */; };
		87B4DA3D26FC6D660094454A /* swift_workshop_1App.swift in Sources */ = {isa = PBXBuildFile; fileRef = 87B4DA3C26FC6D660094454A /* swift_workshop_1App.swift */; };
		87B4DA3F26FC6D660094454A /* ContentView.swift in Sources */ = {isa = PBXBuildFile; fileRef = 87B4DA3E26FC6D660094454A /* ContentView.swift */; };
		87B4DA4126FC6D670094454A /* Assets.xcassets in Resources */ = {isa = PBXBuildFile; fileRef = 87B4DA4026FC6D670094454A /* Assets.xcassets */; };
		87B4DA4426FC6D670094454A /* Preview Assets.xcassets in Resources */ = {isa = PBXBuildFile; fileRef = 87B4DA4326FC6D670094454A /* Preview Assets.xcassets */; };
		87B4DA4E26FC6D670094454A /* swift_workshop_1Tests.swift in Sources */ = {isa = PBXBuildFile; fileRef = 87B4DA4D26FC6D670094454A /* swift_workshop_1Tests.swift */; };
		87B4DA5826FC6D670094454A /* swift_workshop_1UITests.swift in Sources */ = {isa = PBXBuildFile; fileRef = 87B4DA5726FC6D670094454A /* swift_workshop_1UITests.swift */; };
		87B4DA5A26FC6D670094454A /* swift_workshop_1UITestsLaunchTests.swift in Sources */ = {isa = PBXBuildFile; fileRef = 87B4DA5926FC6D670094454A /* swift_workshop_1UITestsLaunchTests.swift */; };
/* End PBXBuildFile section */

/* Begin PBXContainerItemProxy section */
		87B4DA4A26FC6D670094454A /* PBXContainerItemProxy */ = {
			isa = PBXContainerItemProxy;
			containerPortal = 87B4DA3126FC6D660094454A /* Project object */;
			proxyType = 1;
			remoteGlobalIDString = 87B4DA3826FC6D660094454A;
			remoteInfo = swift_workshop_1;
		};
		87B4DA5426FC6D670094454A /* PBXContainerItemProxy */ = {
			isa = PBXContainerItemProxy;
			containerPortal = 87B4DA3126FC6D660094454A /* Project object */;
			proxyType = 1;
			remoteGlobalIDString = 87B4DA3826FC6D660094454A;
			remoteInfo = swift_workshop_1;
		};
/* End PBXContainerItemProxy section */

/* Begin PBXFileReference section */
		873C6F5226FC96B400AE049D /* FirstTabContentView.swift */ = {isa = PBXFileReference; lastKnownFileType = sourcecode.swift; path = FirstTabContentView.swift; sourceTree = "<group>"; };
		873C6F5526FC97B700AE049D /* Item.swift */ = {isa = PBXFileReference; lastKnownFileType = sourcecode.swift; path = Item.swift; sourceTree = "<group>"; };
		873C6F5726FC989D00AE049D /* HeaderView.swift */ = {isa = PBXFileReference; lastKnownFileType = sourcecode.swift; path = HeaderView.swift; sourceTree = "<group>"; };
		873C6F5926FC98A800AE049D /* BodyView.swift */ = {isa = PBXFileReference; lastKnownFileType = sourcecode.swift; path = BodyView.swift; sourceTree = "<group>"; };
		873C6F5C26FC996500AE049D /* SecondTabViewContent.swift */ = {isa = PBXFileReference; lastKnownFileType = sourcecode.swift; path = SecondTabViewContent.swift; sourceTree = "<group>"; };
		873C6F5F26FCC4FB00AE049D /* FeatureToggleConfigEnv.swift */ = {isa = PBXFileReference; lastKnownFileType = sourcecode.swift; path = FeatureToggleConfigEnv.swift; sourceTree = "<group>"; };
		873C6F6226FDC96200AE049D /* ThirdTabContentViewContent.swift */ = {isa = PBXFileReference; lastKnownFileType = sourcecode.swift; path = ThirdTabContentViewContent.swift; sourceTree = "<group>"; };
		873C6F6526FDF9FC00AE049D /* FourthTabContentViewController.swift */ = {isa = PBXFileReference; lastKnownFileType = sourcecode.swift; path = FourthTabContentViewController.swift; sourceTree = "<group>"; };
		873C6F6726FDFA3400AE049D /* Storyboard.storyboard */ = {isa = PBXFileReference; lastKnownFileType = file.storyboard; path = Storyboard.storyboard; sourceTree = "<group>"; };
		873C6F6926FE013900AE049D /* ItemTableViewCell.xib */ = {isa = PBXFileReference; lastKnownFileType = file.xib; path = ItemTableViewCell.xib; sourceTree = "<group>"; };
		873C6F6E26FE195B00AE049D /* Theme.swift */ = {isa = PBXFileReference; lastKnownFileType = sourcecode.swift; path = Theme.swift; sourceTree = "<group>"; };
		87B4DA3926FC6D660094454A /* swift_workshop_1.app */ = {isa = PBXFileReference; explicitFileType = wrapper.application; includeInIndex = 0; path = swift_workshop_1.app; sourceTree = BUILT_PRODUCTS_DIR; };
		87B4DA3C26FC6D660094454A /* swift_workshop_1App.swift */ = {isa = PBXFileReference; lastKnownFileType = sourcecode.swift; path = swift_workshop_1App.swift; sourceTree = "<group>"; };
		87B4DA3E26FC6D660094454A /* ContentView.swift */ = {isa = PBXFileReference; lastKnownFileType = sourcecode.swift; path = ContentView.swift; sourceTree = "<group>"; };
		87B4DA4026FC6D670094454A /* Assets.xcassets */ = {isa = PBXFileReference; lastKnownFileType = folder.assetcatalog; path = Assets.xcassets; sourceTree = "<group>"; };
		87B4DA4326FC6D670094454A /* Preview Assets.xcassets */ = {isa = PBXFileReference; lastKnownFileType = folder.assetcatalog; path = "Preview Assets.xcassets"; sourceTree = "<group>"; };
		87B4DA4926FC6D670094454A /* swift_workshop_1Tests.xctest */ = {isa = PBXFileReference; explicitFileType = wrapper.cfbundle; includeInIndex = 0; path = swift_workshop_1Tests.xctest; sourceTree = BUILT_PRODUCTS_DIR; };
		87B4DA4D26FC6D670094454A /* swift_workshop_1Tests.swift */ = {isa = PBXFileReference; lastKnownFileType = sourcecode.swift; path = swift_workshop_1Tests.swift; sourceTree = "<group>"; };
		87B4DA5326FC6D670094454A /* swift_workshop_1UITests.xctest */ = {isa = PBXFileReference; explicitFileType = wrapper.cfbundle; includeInIndex = 0; path = swift_workshop_1UITests.xctest; sourceTree = BUILT_PRODUCTS_DIR; };
		87B4DA5726FC6D670094454A /* swift_workshop_1UITests.swift */ = {isa = PBXFileReference; lastKnownFileType = sourcecode.swift; path = swift_workshop_1UITests.swift; sourceTree = "<group>"; };
		87B4DA5926FC6D670094454A /* swift_workshop_1UITestsLaunchTests.swift */ = {isa = PBXFileReference; lastKnownFileType = sourcecode.swift; path = swift_workshop_1UITestsLaunchTests.swift; sourceTree = "<group>"; };
/* End PBXFileReference section */

/* Begin PBXFrameworksBuildPhase section */
		87B4DA3626FC6D660094454A /* Frameworks */ = {
			isa = PBXFrameworksBuildPhase;
			buildActionMask = 2147483647;
			files = (
			);
			runOnlyForDeploymentPostprocessing = 0;
		};
		87B4DA4626FC6D670094454A /* Frameworks */ = {
			isa = PBXFrameworksBuildPhase;
			buildActionMask = 2147483647;
			files = (
			);
			runOnlyForDeploymentPostprocessing = 0;
		};
		87B4DA5026FC6D670094454A /* Frameworks */ = {
			isa = PBXFrameworksBuildPhase;
			buildActionMask = 2147483647;
			files = (
			);
			runOnlyForDeploymentPostprocessing = 0;
		};
/* End PBXFrameworksBuildPhase section */

/* Begin PBXGroup section */
		873C6F5126FC969400AE049D /* TabContentView_1 */ = {
			isa = PBXGroup;
			children = (
				873C6F5226FC96B400AE049D /* FirstTabContentView.swift */,
				873C6F5726FC989D00AE049D /* HeaderView.swift */,
				873C6F5926FC98A800AE049D /* BodyView.swift */,
			);
			path = TabContentView_1;
			sourceTree = "<group>";
		};
		873C6F5426FC97AC00AE049D /* Model */ = {
			isa = PBXGroup;
			children = (
				873C6F5526FC97B700AE049D /* Item.swift */,
			);
			path = Model;
			sourceTree = "<group>";
		};
		873C6F5B26FC993800AE049D /* TabContentView_2 */ = {
			isa = PBXGroup;
			children = (
				873C6F5C26FC996500AE049D /* SecondTabViewContent.swift */,
			);
			path = TabContentView_2;
			sourceTree = "<group>";
		};
		873C6F5E26FCC4DF00AE049D /* Config */ = {
			isa = PBXGroup;
			children = (
				873C6F5F26FCC4FB00AE049D /* FeatureToggleConfigEnv.swift */,
			);
			path = Config;
			sourceTree = "<group>";
		};
		873C6F6126FDC93E00AE049D /* TabContentView_3 */ = {
			isa = PBXGroup;
			children = (
				873C6F6226FDC96200AE049D /* ThirdTabContentViewContent.swift */,
			);
			path = TabContentView_3;
			sourceTree = "<group>";
		};
		873C6F6426FDF9B500AE049D /* FourthTabContentView */ = {
			isa = PBXGroup;
			children = (
				873C6F6526FDF9FC00AE049D /* FourthTabContentViewController.swift */,
				873C6F6726FDFA3400AE049D /* Storyboard.storyboard */,
				873C6F6926FE013900AE049D /* ItemTableViewCell.xib */,
			);
			path = FourthTabContentView;
			sourceTree = "<group>";
		};
		873C6F6D26FE193500AE049D /* Theme */ = {
			isa = PBXGroup;
			children = (
				873C6F6E26FE195B00AE049D /* Theme.swift */,
			);
			path = Theme;
			sourceTree = "<group>";
		};
		87B4DA3026FC6D660094454A = {
			isa = PBXGroup;
			children = (
				87B4DA3B26FC6D660094454A /* swift_workshop_1 */,
				87B4DA4C26FC6D670094454A /* swift_workshop_1Tests */,
				87B4DA5626FC6D670094454A /* swift_workshop_1UITests */,
				87B4DA3A26FC6D660094454A /* Products */,
			);
			sourceTree = "<group>";
		};
		87B4DA3A26FC6D660094454A /* Products */ = {
			isa = PBXGroup;
			children = (
				87B4DA3926FC6D660094454A /* swift_workshop_1.app */,
				87B4DA4926FC6D670094454A /* swift_workshop_1Tests.xctest */,
				87B4DA5326FC6D670094454A /* swift_workshop_1UITests.xctest */,
			);
			name = Products;
			sourceTree = "<group>";
		};
		87B4DA3B26FC6D660094454A /* swift_workshop_1 */ = {
			isa = PBXGroup;
			children = (
				87B4DA3E26FC6D660094454A /* ContentView.swift */,
				87B4DA3C26FC6D660094454A /* swift_workshop_1App.swift */,
				87B4DA4026FC6D670094454A /* Assets.xcassets */,
				873C6F5E26FCC4DF00AE049D /* Config */,
				873C6F6426FDF9B500AE049D /* FourthTabContentView */,
				873C6F5426FC97AC00AE049D /* Model */,
				87B4DA4226FC6D670094454A /* Preview Content */,
				873C6F5126FC969400AE049D /* TabContentView_1 */,
				873C6F5B26FC993800AE049D /* TabContentView_2 */,
				873C6F6126FDC93E00AE049D /* TabContentView_3 */,
				873C6F6D26FE193500AE049D /* Theme */,
			);
			path = swift_workshop_1;
			sourceTree = "<group>";
		};
		87B4DA4226FC6D670094454A /* Preview Content */ = {
			isa = PBXGroup;
			children = (
				87B4DA4326FC6D670094454A /* Preview Assets.xcassets */,
			);
			path = "Preview Content";
			sourceTree = "<group>";
		};
		87B4DA4C26FC6D670094454A /* swift_workshop_1Tests */ = {
			isa = PBXGroup;
			children = (
				87B4DA4D26FC6D670094454A /* swift_workshop_1Tests.swift */,
			);
			path = swift_workshop_1Tests;
			sourceTree = "<group>";
		};
		87B4DA5626FC6D670094454A /* swift_workshop_1UITests */ = {
			isa = PBXGroup;
			children = (
				87B4DA5726FC6D670094454A /* swift_workshop_1UITests.swift */,
				87B4DA5926FC6D670094454A /* swift_workshop_1UITestsLaunchTests.swift */,
			);
			path = swift_workshop_1UITests;
			sourceTree = "<group>";
		};
/* End PBXGroup section */

/* Begin PBXNativeTarget section */
		87B4DA3826FC6D660094454A /* swift_workshop_1 */ = {
			isa = PBXNativeTarget;
			buildConfigurationList = 87B4DA5D26FC6D670094454A /* Build configuration list for PBXNativeTarget "swift_workshop_1" */;
			buildPhases = (
				87B4DA3526FC6D660094454A /* Sources */,
				87B4DA3626FC6D660094454A /* Frameworks */,
				87B4DA3726FC6D660094454A /* Resources */,
			);
			buildRules = (
			);
			dependencies = (
			);
			name = swift_workshop_1;
			productName = swift_workshop_1;
			productReference = 87B4DA3926FC6D660094454A /* swift_workshop_1.app */;
			productType = "com.apple.product-type.application";
		};
		87B4DA4826FC6D670094454A /* swift_workshop_1Tests */ = {
			isa = PBXNativeTarget;
			buildConfigurationList = 87B4DA6026FC6D670094454A /* Build configuration list for PBXNativeTarget "swift_workshop_1Tests" */;
			buildPhases = (
				87B4DA4526FC6D670094454A /* Sources */,
				87B4DA4626FC6D670094454A /* Frameworks */,
				87B4DA4726FC6D670094454A /* Resources */,
			);
			buildRules = (
			);
			dependencies = (
				87B4DA4B26FC6D670094454A /* PBXTargetDependency */,
			);
			name = swift_workshop_1Tests;
			productName = swift_workshop_1Tests;
			productReference = 87B4DA4926FC6D670094454A /* swift_workshop_1Tests.xctest */;
			productType = "com.apple.product-type.bundle.unit-test";
		};
		87B4DA5226FC6D670094454A /* swift_workshop_1UITests */ = {
			isa = PBXNativeTarget;
			buildConfigurationList = 87B4DA6326FC6D670094454A /* Build configuration list for PBXNativeTarget "swift_workshop_1UITests" */;
			buildPhases = (
				87B4DA4F26FC6D670094454A /* Sources */,
				87B4DA5026FC6D670094454A /* Frameworks */,
				87B4DA5126FC6D670094454A /* Resources */,
			);
			buildRules = (
			);
			dependencies = (
				87B4DA5526FC6D670094454A /* PBXTargetDependency */,
			);
			name = swift_workshop_1UITests;
			productName = swift_workshop_1UITests;
			productReference = 87B4DA5326FC6D670094454A /* swift_workshop_1UITests.xctest */;
			productType = "com.apple.product-type.bundle.ui-testing";
		};
/* End PBXNativeTarget section */

/* Begin PBXProject section */
		87B4DA3126FC6D660094454A /* Project object */ = {
			isa = PBXProject;
			attributes = {
				BuildIndependentTargetsInParallel = 1;
				LastSwiftUpdateCheck = 1300;
				LastUpgradeCheck = 1300;
				TargetAttributes = {
					87B4DA3826FC6D660094454A = {
						CreatedOnToolsVersion = 13.0;
					};
					87B4DA4826FC6D670094454A = {
						CreatedOnToolsVersion = 13.0;
						TestTargetID = 87B4DA3826FC6D660094454A;
					};
					87B4DA5226FC6D670094454A = {
						CreatedOnToolsVersion = 13.0;
						TestTargetID = 87B4DA3826FC6D660094454A;
					};
				};
			};
			buildConfigurationList = 87B4DA3426FC6D660094454A /* Build configuration list for PBXProject "swift_workshop_1" */;
			compatibilityVersion = "Xcode 13.0";
			developmentRegion = en;
			hasScannedForEncodings = 0;
			knownRegions = (
				en,
				Base,
			);
			mainGroup = 87B4DA3026FC6D660094454A;
			productRefGroup = 87B4DA3A26FC6D660094454A /* Products */;
			projectDirPath = "";
			projectRoot = "";
			targets = (
				87B4DA3826FC6D660094454A /* swift_workshop_1 */,
				87B4DA4826FC6D670094454A /* swift_workshop_1Tests */,
				87B4DA5226FC6D670094454A /* swift_workshop_1UITests */,
			);
		};
/* End PBXProject section */

/* Begin PBXResourcesBuildPhase section */
		87B4DA3726FC6D660094454A /* Resources */ = {
			isa = PBXResourcesBuildPhase;
			buildActionMask = 2147483647;
			files = (
				873C6F6A26FE013900AE049D /* ItemTableViewCell.xib in Resources */,
				87B4DA4426FC6D670094454A /* Preview Assets.xcassets in Resources */,
				87B4DA4126FC6D670094454A /* Assets.xcassets in Resources */,
				873C6F6826FDFA3400AE049D /* Storyboard.storyboard in Resources */,
			);
			runOnlyForDeploymentPostprocessing = 0;
		};
		87B4DA4726FC6D670094454A /* Resources */ = {
			isa = PBXResourcesBuildPhase;
			buildActionMask = 2147483647;
			files = (
			);
			runOnlyForDeploymentPostprocessing = 0;
		};
		87B4DA5126FC6D670094454A /* Resources */ = {
			isa = PBXResourcesBuildPhase;
			buildActionMask = 2147483647;
			files = (
			);
			runOnlyForDeploymentPostprocessing = 0;
		};
/* End PBXResourcesBuildPhase section */

/* Begin PBXSourcesBuildPhase section */
		87B4DA3526FC6D660094454A /* Sources */ = {
			isa = PBXSourcesBuildPhase;
			buildActionMask = 2147483647;
			files = (
				873C6F6626FDF9FC00AE049D /* FourthTabContentViewController.swift in Sources */,
				873C6F6326FDC96200AE049D /* ThirdTabContentViewContent.swift in Sources */,
				873C6F5826FC989D00AE049D /* HeaderView.swift in Sources */,
				873C6F5626FC97B700AE049D /* Item.swift in Sources */,
				873C6F6F26FE195B00AE049D /* Theme.swift in Sources */,
				873C6F5A26FC98A800AE049D /* BodyView.swift in Sources */,
				873C6F5326FC96B400AE049D /* FirstTabContentView.swift in Sources */,
				873C6F6026FCC4FB00AE049D /* FeatureToggleConfigEnv.swift in Sources */,
				87B4DA3F26FC6D660094454A /* ContentView.swift in Sources */,
				87B4DA3D26FC6D660094454A /* swift_workshop_1App.swift in Sources */,
				873C6F5D26FC996500AE049D /* SecondTabViewContent.swift in Sources */,
			);
			runOnlyForDeploymentPostprocessing = 0;
		};
		87B4DA4526FC6D670094454A /* Sources */ = {
			isa = PBXSourcesBuildPhase;
			buildActionMask = 2147483647;
			files = (
				87B4DA4E26FC6D670094454A /* swift_workshop_1Tests.swift in Sources */,
			);
			runOnlyForDeploymentPostprocessing = 0;
		};
		87B4DA4F26FC6D670094454A /* Sources */ = {
			isa = PBXSourcesBuildPhase;
			buildActionMask = 2147483647;
			files = (
				87B4DA5826FC6D670094454A /* swift_workshop_1UITests.swift in Sources */,
				87B4DA5A26FC6D670094454A /* swift_workshop_1UITestsLaunchTests.swift in Sources */,
			);
			runOnlyForDeploymentPostprocessing = 0;
		};
/* End PBXSourcesBuildPhase section */

/* Begin PBXTargetDependency section */
		87B4DA4B26FC6D670094454A /* PBXTargetDependency */ = {
			isa = PBXTargetDependency;
			target = 87B4DA3826FC6D660094454A /* swift_workshop_1 */;
			targetProxy = 87B4DA4A26FC6D670094454A /* PBXContainerItemProxy */;
		};
		87B4DA5526FC6D670094454A /* PBXTargetDependency */ = {
			isa = PBXTargetDependency;
			target = 87B4DA3826FC6D660094454A /* swift_workshop_1 */;
			targetProxy = 87B4DA5426FC6D670094454A /* PBXContainerItemProxy */;
		};
/* End PBXTargetDependency section */

/* Begin XCBuildConfiguration section */
		87B4DA5B26FC6D670094454A /* Debug */ = {
			isa = XCBuildConfiguration;
			buildSettings = {
				ALWAYS_SEARCH_USER_PATHS = NO;
				CLANG_ANALYZER_NONNULL = YES;
				CLANG_ANALYZER_NUMBER_OBJECT_CONVERSION = YES_AGGRESSIVE;
				CLANG_CXX_LANGUAGE_STANDARD = "gnu++17";
				CLANG_CXX_LIBRARY = "libc++";
				CLANG_ENABLE_MODULES = YES;
				CLANG_ENABLE_OBJC_ARC = YES;
				CLANG_ENABLE_OBJC_WEAK = YES;
				CLANG_WARN_BLOCK_CAPTURE_AUTORELEASING = YES;
				CLANG_WARN_BOOL_CONVERSION = YES;
				CLANG_WARN_COMMA = YES;
				CLANG_WARN_CONSTANT_CONVERSION = YES;
				CLANG_WARN_DEPRECATED_OBJC_IMPLEMENTATIONS = YES;
				CLANG_WARN_DIRECT_OBJC_ISA_USAGE = YES_ERROR;
				CLANG_WARN_DOCUMENTATION_COMMENTS = YES;
				CLANG_WARN_EMPTY_BODY = YES;
				CLANG_WARN_ENUM_CONVERSION = YES;
				CLANG_WARN_INFINITE_RECURSION = YES;
				CLANG_WARN_INT_CONVERSION = YES;
				CLANG_WARN_NON_LITERAL_NULL_CONVERSION = YES;
				CLANG_WARN_OBJC_IMPLICIT_RETAIN_SELF = YES;
				CLANG_WARN_OBJC_LITERAL_CONVERSION = YES;
				CLANG_WARN_OBJC_ROOT_CLASS = YES_ERROR;
				CLANG_WARN_QUOTED_INCLUDE_IN_FRAMEWORK_HEADER = YES;
				CLANG_WARN_RANGE_LOOP_ANALYSIS = YES;
				CLANG_WARN_STRICT_PROTOTYPES = YES;
				CLANG_WARN_SUSPICIOUS_MOVE = YES;
				CLANG_WARN_UNGUARDED_AVAILABILITY = YES_AGGRESSIVE;
				CLANG_WARN_UNREACHABLE_CODE = YES;
				CLANG_WARN__DUPLICATE_METHOD_MATCH = YES;
				COPY_PHASE_STRIP = NO;
				DEBUG_INFORMATION_FORMAT = dwarf;
				ENABLE_STRICT_OBJC_MSGSEND = YES;
				ENABLE_TESTABILITY = YES;
				GCC_C_LANGUAGE_STANDARD = gnu11;
				GCC_DYNAMIC_NO_PIC = NO;
				GCC_NO_COMMON_BLOCKS = YES;
				GCC_OPTIMIZATION_LEVEL = 0;
				GCC_PREPROCESSOR_DEFINITIONS = (
					"DEBUG=1",
					"$(inherited)",
				);
				GCC_WARN_64_TO_32_BIT_CONVERSION = YES;
				GCC_WARN_ABOUT_RETURN_TYPE = YES_ERROR;
				GCC_WARN_UNDECLARED_SELECTOR = YES;
				GCC_WARN_UNINITIALIZED_AUTOS = YES_AGGRESSIVE;
				GCC_WARN_UNUSED_FUNCTION = YES;
				GCC_WARN_UNUSED_VARIABLE = YES;
				IPHONEOS_DEPLOYMENT_TARGET = 15.0;
				MTL_ENABLE_DEBUG_INFO = INCLUDE_SOURCE;
				MTL_FAST_MATH = YES;
				ONLY_ACTIVE_ARCH = YES;
				SDKROOT = iphoneos;
				SWIFT_ACTIVE_COMPILATION_CONDITIONS = DEBUG;
				SWIFT_OPTIMIZATION_LEVEL = "-Onone";
			};
			name = Debug;
		};
		87B4DA5C26FC6D670094454A /* Release */ = {
			isa = XCBuildConfiguration;
			buildSettings = {
				ALWAYS_SEARCH_USER_PATHS = NO;
				CLANG_ANALYZER_NONNULL = YES;
				CLANG_ANALYZER_NUMBER_OBJECT_CONVERSION = YES_AGGRESSIVE;
				CLANG_CXX_LANGUAGE_STANDARD = "gnu++17";
				CLANG_CXX_LIBRARY = "libc++";
				CLANG_ENABLE_MODULES = YES;
				CLANG_ENABLE_OBJC_ARC = YES;
				CLANG_ENABLE_OBJC_WEAK = YES;
				CLANG_WARN_BLOCK_CAPTURE_AUTORELEASING = YES;
				CLANG_WARN_BOOL_CONVERSION = YES;
				CLANG_WARN_COMMA = YES;
				CLANG_WARN_CONSTANT_CONVERSION = YES;
				CLANG_WARN_DEPRECATED_OBJC_IMPLEMENTATIONS = YES;
				CLANG_WARN_DIRECT_OBJC_ISA_USAGE = YES_ERROR;
				CLANG_WARN_DOCUMENTATION_COMMENTS = YES;
				CLANG_WARN_EMPTY_BODY = YES;
				CLANG_WARN_ENUM_CONVERSION = YES;
				CLANG_WARN_INFINITE_RECURSION = YES;
				CLANG_WARN_INT_CONVERSION = YES;
				CLANG_WARN_NON_LITERAL_NULL_CONVERSION = YES;
				CLANG_WARN_OBJC_IMPLICIT_RETAIN_SELF = YES;
				CLANG_WARN_OBJC_LITERAL_CONVERSION = YES;
				CLANG_WARN_OBJC_ROOT_CLASS = YES_ERROR;
				CLANG_WARN_QUOTED_INCLUDE_IN_FRAMEWORK_HEADER = YES;
				CLANG_WARN_RANGE_LOOP_ANALYSIS = YES;
				CLANG_WARN_STRICT_PROTOTYPES = YES;
				CLANG_WARN_SUSPICIOUS_MOVE = YES;
				CLANG_WARN_UNGUARDED_AVAILABILITY = YES_AGGRESSIVE;
				CLANG_WARN_UNREACHABLE_CODE = YES;
				CLANG_WARN__DUPLICATE_METHOD_MATCH = YES;
				COPY_PHASE_STRIP = NO;
				DEBUG_INFORMATION_FORMAT = "dwarf-with-dsym";
				ENABLE_NS_ASSERTIONS = NO;
				ENABLE_STRICT_OBJC_MSGSEND = YES;
				GCC_C_LANGUAGE_STANDARD = gnu11;
				GCC_NO_COMMON_BLOCKS = YES;
				GCC_WARN_64_TO_32_BIT_CONVERSION = YES;
				GCC_WARN_ABOUT_RETURN_TYPE = YES_ERROR;
				GCC_WARN_UNDECLARED_SELECTOR = YES;
				GCC_WARN_UNINITIALIZED_AUTOS = YES_AGGRESSIVE;
				GCC_WARN_UNUSED_FUNCTION = YES;
				GCC_WARN_UNUSED_VARIABLE = YES;
				IPHONEOS_DEPLOYMENT_TARGET = 15.0;
				MTL_ENABLE_DEBUG_INFO = NO;
				MTL_FAST_MATH = YES;
				SDKROOT = iphoneos;
				SWIFT_COMPILATION_MODE = wholemodule;
				SWIFT_OPTIMIZATION_LEVEL = "-O";
				VALIDATE_PRODUCT = YES;
			};
			name = Release;
		};
		87B4DA5E26FC6D670094454A /* Debug */ = {
			isa = XCBuildConfiguration;
			buildSettings = {
				ASSETCATALOG_COMPILER_APPICON_NAME = AppIcon;
				ASSETCATALOG_COMPILER_GLOBAL_ACCENT_COLOR_NAME = AccentColor;
				CODE_SIGN_STYLE = Automatic;
				CURRENT_PROJECT_VERSION = 1;
				DEVELOPMENT_ASSET_PATHS = "\"swift_workshop_1/Preview Content\"";
				ENABLE_PREVIEWS = YES;
				GENERATE_INFOPLIST_FILE = YES;
				INFOPLIST_KEY_UIApplicationSceneManifest_Generation = YES;
				INFOPLIST_KEY_UIApplicationSupportsIndirectInputEvents = YES;
				INFOPLIST_KEY_UILaunchScreen_Generation = YES;
				INFOPLIST_KEY_UISupportedInterfaceOrientations_iPad = "UIInterfaceOrientationPortrait UIInterfaceOrientationPortraitUpsideDown UIInterfaceOrientationLandscapeLeft UIInterfaceOrientationLandscapeRight";
				INFOPLIST_KEY_UISupportedInterfaceOrientations_iPhone = "UIInterfaceOrientationPortrait UIInterfaceOrientationLandscapeLeft UIInterfaceOrientationLandscapeRight";
				IPHONEOS_DEPLOYMENT_TARGET = 14.0;
				LD_RUNPATH_SEARCH_PATHS = (
					"$(inherited)",
					"@executable_path/Frameworks",
				);
				MARKETING_VERSION = 1.0;
				PRODUCT_BUNDLE_IDENTIFIER = "dwde.swift-workshop-1";
				PRODUCT_NAME = "$(TARGET_NAME)";
				SWIFT_EMIT_LOC_STRINGS = YES;
				SWIFT_VERSION = 5.0;
				TARGETED_DEVICE_FAMILY = "1,2";
			};
			name = Debug;
		};
		87B4DA5F26FC6D670094454A /* Release */ = {
			isa = XCBuildConfiguration;
			buildSettings = {
				ASSETCATALOG_COMPILER_APPICON_NAME = AppIcon;
				ASSETCATALOG_COMPILER_GLOBAL_ACCENT_COLOR_NAME = AccentColor;
				CODE_SIGN_STYLE = Automatic;
				CURRENT_PROJECT_VERSION = 1;
				DEVELOPMENT_ASSET_PATHS = "\"swift_workshop_1/Preview Content\"";
				ENABLE_PREVIEWS = YES;
				GENERATE_INFOPLIST_FILE = YES;
				INFOPLIST_KEY_UIApplicationSceneManifest_Generation = YES;
				INFOPLIST_KEY_UIApplicationSupportsIndirectInputEvents = YES;
				INFOPLIST_KEY_UILaunchScreen_Generation = YES;
				INFOPLIST_KEY_UISupportedInterfaceOrientations_iPad = "UIInterfaceOrientationPortrait UIInterfaceOrientationPortraitUpsideDown UIInterfaceOrientationLandscapeLeft UIInterfaceOrientationLandscapeRight";
				INFOPLIST_KEY_UISupportedInterfaceOrientations_iPhone = "UIInterfaceOrientationPortrait UIInterfaceOrientationLandscapeLeft UIInterfaceOrientationLandscapeRight";
				IPHONEOS_DEPLOYMENT_TARGET = 14.0;
				LD_RUNPATH_SEARCH_PATHS = (
					"$(inherited)",
					"@executable_path/Frameworks",
				);
				MARKETING_VERSION = 1.0;
				PRODUCT_BUNDLE_IDENTIFIER = "dwde.swift-workshop-1";
				PRODUCT_NAME = "$(TARGET_NAME)";
				SWIFT_EMIT_LOC_STRINGS = YES;
				SWIFT_VERSION = 5.0;
				TARGETED_DEVICE_FAMILY = "1,2";
			};
			name = Release;
		};
		87B4DA6126FC6D670094454A /* Debug */ = {
			isa = XCBuildConfiguration;
			buildSettings = {
				ALWAYS_EMBED_SWIFT_STANDARD_LIBRARIES = YES;
				BUNDLE_LOADER = "$(TEST_HOST)";
				CODE_SIGN_STYLE = Automatic;
				CURRENT_PROJECT_VERSION = 1;
				GENERATE_INFOPLIST_FILE = YES;
				IPHONEOS_DEPLOYMENT_TARGET = 14.0;
				LD_RUNPATH_SEARCH_PATHS = (
					"$(inherited)",
					"@executable_path/Frameworks",
					"@loader_path/Frameworks",
				);
				MARKETING_VERSION = 1.0;
				PRODUCT_BUNDLE_IDENTIFIER = "dwde.swift-workshop-1Tests";
				PRODUCT_NAME = "$(TARGET_NAME)";
				SWIFT_EMIT_LOC_STRINGS = NO;
				SWIFT_VERSION = 5.0;
				TARGETED_DEVICE_FAMILY = "1,2";
				TEST_HOST = "$(BUILT_PRODUCTS_DIR)/swift_workshop_1.app/swift_workshop_1";
			};
			name = Debug;
		};
		87B4DA6226FC6D670094454A /* Release */ = {
			isa = XCBuildConfiguration;
			buildSettings = {
				ALWAYS_EMBED_SWIFT_STANDARD_LIBRARIES = YES;
				BUNDLE_LOADER = "$(TEST_HOST)";
				CODE_SIGN_STYLE = Automatic;
				CURRENT_PROJECT_VERSION = 1;
				GENERATE_INFOPLIST_FILE = YES;
				IPHONEOS_DEPLOYMENT_TARGET = 14.0;
				LD_RUNPATH_SEARCH_PATHS = (
					"$(inherited)",
					"@executable_path/Frameworks",
					"@loader_path/Frameworks",
				);
				MARKETING_VERSION = 1.0;
				PRODUCT_BUNDLE_IDENTIFIER = "dwde.swift-workshop-1Tests";
				PRODUCT_NAME = "$(TARGET_NAME)";
				SWIFT_EMIT_LOC_STRINGS = NO;
				SWIFT_VERSION = 5.0;
				TARGETED_DEVICE_FAMILY = "1,2";
				TEST_HOST = "$(BUILT_PRODUCTS_DIR)/swift_workshop_1.app/swift_workshop_1";
			};
			name = Release;
		};
		87B4DA6426FC6D670094454A /* Debug */ = {
			isa = XCBuildConfiguration;
			buildSettings = {
				ALWAYS_EMBED_SWIFT_STANDARD_LIBRARIES = YES;
				CODE_SIGN_STYLE = Automatic;
				CURRENT_PROJECT_VERSION = 1;
				GENERATE_INFOPLIST_FILE = YES;
				LD_RUNPATH_SEARCH_PATHS = (
					"$(inherited)",
					"@executable_path/Frameworks",
					"@loader_path/Frameworks",
				);
				MARKETING_VERSION = 1.0;
				PRODUCT_BUNDLE_IDENTIFIER = "dwde.swift-workshop-1UITests";
				PRODUCT_NAME = "$(TARGET_NAME)";
				SWIFT_EMIT_LOC_STRINGS = NO;
				SWIFT_VERSION = 5.0;
				TARGETED_DEVICE_FAMILY = "1,2";
				TEST_TARGET_NAME = swift_workshop_1;
			};
			name = Debug;
		};
		87B4DA6526FC6D670094454A /* Release */ = {
			isa = XCBuildConfiguration;
			buildSettings = {
				ALWAYS_EMBED_SWIFT_STANDARD_LIBRARIES = YES;
				CODE_SIGN_STYLE = Automatic;
				CURRENT_PROJECT_VERSION = 1;
				GENERATE_INFOPLIST_FILE = YES;
				LD_RUNPATH_SEARCH_PATHS = (
					"$(inherited)",
					"@executable_path/Frameworks",
					"@loader_path/Frameworks",
				);
				MARKETING_VERSION = 1.0;
				PRODUCT_BUNDLE_IDENTIFIER = "dwde.swift-workshop-1UITests";
				PRODUCT_NAME = "$(TARGET_NAME)";
				SWIFT_EMIT_LOC_STRINGS = NO;
				SWIFT_VERSION = 5.0;
				TARGETED_DEVICE_FAMILY = "1,2";
				TEST_TARGET_NAME = swift_workshop_1;
			};
			name = Release;
		};
/* End XCBuildConfiguration section */

/* Begin XCConfigurationList section */
		87B4DA3426FC6D660094454A /* Build configuration list for PBXProject "swift_workshop_1" */ = {
			isa = XCConfigurationList;
			buildConfigurations = (
				87B4DA5B26FC6D670094454A /* Debug */,
				87B4DA5C26FC6D670094454A /* Release */,
			);
			defaultConfigurationIsVisible = 0;
			defaultConfigurationName = Release;
		};
		87B4DA5D26FC6D670094454A /* Build configuration list for PBXNativeTarget "swift_workshop_1" */ = {
			isa = XCConfigurationList;
			buildConfigurations = (
				87B4DA5E26FC6D670094454A /* Debug */,
				87B4DA5F26FC6D670094454A /* Release */,
			);
			defaultConfigurationIsVisible = 0;
			defaultConfigurationName = Release;
		};
		87B4DA6026FC6D670094454A /* Build configuration list for PBXNativeTarget "swift_workshop_1Tests" */ = {
			isa = XCConfigurationList;
			buildConfigurations = (
				87B4DA6126FC6D670094454A /* Debug */,
				87B4DA6226FC6D670094454A /* Release */,
			);
			defaultConfigurationIsVisible = 0;
			defaultConfigurationName = Release;
		};
		87B4DA6326FC6D670094454A /* Build configuration list for PBXNativeTarget "swift_workshop_1UITests" */ = {
			isa = XCConfigurationList;
			buildConfigurations = (
				87B4DA6426FC6D670094454A /* Debug */,
				87B4DA6526FC6D670094454A /* Release */,
			);
			defaultConfigurationIsVisible = 0;
			defaultConfigurationName = Release;
		};
/* End XCConfigurationList section */
	};
	rootObject = 87B4DA3126FC6D660094454A /* Project object */;
}
